
Microsoft Visual Studio Solution File, Format Version 12.00
# Visual Studio Version 16
VisualStudioVersion = 16.0.31729.503
MinimumVisualStudioVersion = 10.0.40219.1
Project("{FAE04EC0-301F-11D3-BF4B-00C04F79EFBC}") = "SalesWebMvc", "SalesWebMvc\SalesWebMvc.csproj", "{0FFEEC51-2B6B-48A3-AA34-D782BE587140}"
EndProject
Global
	GlobalSection(SolutionConfigurationPlatforms) = preSolution
		Debug|Any CPU = Debug|Any CPU
		Release|Any CPU = Release|Any CPU
	EndGlobalSection
	GlobalSection(ProjectConfigurationPlatforms) = postSolution
		{0FFEEC51-2B6B-48A3-AA34-D782BE587140}.Debug|Any CPU.ActiveCfg = Debug|Any CPU
		{0FFEEC51-2B6B-48A3-AA34-D782BE587140}.Debug|Any CPU.Build.0 = Debug|Any CPU
		{0FFEEC51-2B6B-48A3-AA34-D782BE587140}.Release|Any CPU.ActiveCfg = Release|Any CPU
		{0FFEEC51-2B6B-48A3-AA34-D782BE587140}.Release|Any CPU.Build.0 = Release|Any CPU
	EndGlobalSection
	GlobalSection(SolutionProperties) = preSolution
		HideSolutionNode = FALSE
	EndGlobalSection
	GlobalSection(ExtensibilityGlobals) = postSolution
		SolutionGuid = {F86EBFD0-CAFF-4D05-9269-C34A22F03032}
	EndGlobalSection
EndGlobal
